
Microsoft Visual Studio Solution File, Format Version 12.00
# Visual Studio Version 16
VisualStudioVersion = 25.0.1704.4
MinimumVisualStudioVersion = 10.0.40219.1
Project("{2150E333-8FDC-42A3-9474-1A3956D46DE8}") = "Solution Items", "Solution Items", "{BA65D66C-519A-4731-8CF0-60F76DAC5986}"
EndProject
Project("{FAE04EC0-301F-11D3-BF4B-00C04F79EFBC}") = "AM_UI", "..\..\Desktop\GitHub\Account-Management\AM_UI\AM_UI.csproj", "{D1BDF163-B046-4104-B6DF-9DB034C94C29}"
EndProject
Project("{FAE04EC0-301F-11D3-BF4B-00C04F79EFBC}") = "AM_Rules", "..\..\Desktop\GitHub\Account-Management\AM_Rules\AM_Rules.csproj", "{BC052E3F-C238-4712-A576-5078F0A81C2F}"
EndProject
Project("{FAE04EC0-301F-11D3-BF4B-00C04F79EFBC}") = "AM_Models", "..\..\Desktop\GitHub\Account-Management\AM_Models\AM_Models.csproj", "{07CA745D-4AA6-4F92-A9C4-8521A4FA84C2}"
EndProject
Project("{FAE04EC0-301F-11D3-BF4B-00C04F79EFBC}") = "AM_Data", "..\..\Desktop\GitHub\Account-Management\AM_DATA\AM_Data.csproj", "{4C4B2151-26B6-4317-9CC2-4ABDE0972BDC}"
EndProject
Project("{FAE04EC0-301F-11D3-BF4B-00C04F79EFBC}") = "SIS_UI", "SIS_UI\SIS_UI.csproj", "{AB519778-7C0C-4183-9A87-4162F95017C8}"
EndProject
Project("{FAE04EC0-301F-11D3-BF4B-00C04F79EFBC}") = "SIS_RULES", "SIS_RULES\SIS_RULES.csproj", "{C37E71E9-6718-4F96-936B-FB38E57BE962}"
EndProject
Project("{FAE04EC0-301F-11D3-BF4B-00C04F79EFBC}") = "SIS_MODEL", "SIS_MODEL\SIS_MODEL.csproj", "{0FEB088F-7753-484E-8D94-757F62FBB426}"
EndProject
Project("{FAE04EC0-301F-11D3-BF4B-00C04F79EFBC}") = "SIS_DATA", "SIS_DATA\SIS_DATA.csproj", "{B43C5279-3470-49CA-A4DF-18B44CEB30CF}"
EndProject
Global
	GlobalSection(SolutionConfigurationPlatforms) = preSolution
		Debug|Any CPU = Debug|Any CPU
		Release|Any CPU = Release|Any CPU
	EndGlobalSection
	GlobalSection(ProjectConfigurationPlatforms) = postSolution
		{D1BDF163-B046-4104-B6DF-9DB034C94C29}.Debug|Any CPU.ActiveCfg = Debug|Any CPU
		{D1BDF163-B046-4104-B6DF-9DB034C94C29}.Debug|Any CPU.Build.0 = Debug|Any CPU
		{D1BDF163-B046-4104-B6DF-9DB034C94C29}.Release|Any CPU.ActiveCfg = Release|Any CPU
		{D1BDF163-B046-4104-B6DF-9DB034C94C29}.Release|Any CPU.Build.0 = Release|Any CPU
		{BC052E3F-C238-4712-A576-5078F0A81C2F}.Debug|Any CPU.ActiveCfg = Debug|Any CPU
		{BC052E3F-C238-4712-A576-5078F0A81C2F}.Debug|Any CPU.Build.0 = Debug|Any CPU
		{BC052E3F-C238-4712-A576-5078F0A81C2F}.Release|Any CPU.ActiveCfg = Release|Any CPU
		{BC052E3F-C238-4712-A576-5078F0A81C2F}.Release|Any CPU.Build.0 = Release|Any CPU
		{07CA745D-4AA6-4F92-A9C4-8521A4FA84C2}.Debug|Any CPU.ActiveCfg = Debug|Any CPU
		{07CA745D-4AA6-4F92-A9C4-8521A4FA84C2}.Debug|Any CPU.Build.0 = Debug|Any CPU
		{07CA745D-4AA6-4F92-A9C4-8521A4FA84C2}.Release|Any CPU.ActiveCfg = Release|Any CPU
		{07CA745D-4AA6-4F92-A9C4-8521A4FA84C2}.Release|Any CPU.Build.0 = Release|Any CPU
		{4C4B2151-26B6-4317-9CC2-4ABDE0972BDC}.Debug|Any CPU.ActiveCfg = Debug|Any CPU
		{4C4B2151-26B6-4317-9CC2-4ABDE0972BDC}.Debug|Any CPU.Build.0 = Debug|Any CPU
		{4C4B2151-26B6-4317-9CC2-4ABDE0972BDC}.Release|Any CPU.ActiveCfg = Release|Any CPU
		{4C4B2151-26B6-4317-9CC2-4ABDE0972BDC}.Release|Any CPU.Build.0 = Release|Any CPU
		{AB519778-7C0C-4183-9A87-4162F95017C8}.Debug|Any CPU.ActiveCfg = Debug|Any CPU
		{AB519778-7C0C-4183-9A87-4162F95017C8}.Debug|Any CPU.Build.0 = Debug|Any CPU
		{AB519778-7C0C-4183-9A87-4162F95017C8}.Release|Any CPU.ActiveCfg = Release|Any CPU
		{AB519778-7C0C-4183-9A87-4162F95017C8}.Release|Any CPU.Build.0 = Release|Any CPU
		{C37E71E9-6718-4F96-936B-FB38E57BE962}.Debug|Any CPU.ActiveCfg = Debug|Any CPU
		{C37E71E9-6718-4F96-936B-FB38E57BE962}.Debug|Any CPU.Build.0 = Debug|Any CPU
		{C37E71E9-6718-4F96-936B-FB38E57BE962}.Release|Any CPU.ActiveCfg = Release|Any CPU
		{C37E71E9-6718-4F96-936B-FB38E57BE962}.Release|Any CPU.Build.0 = Release|Any CPU
		{0FEB088F-7753-484E-8D94-757F62FBB426}.Debug|Any CPU.ActiveCfg = Debug|Any CPU
		{0FEB088F-7753-484E-8D94-757F62FBB426}.Debug|Any CPU.Build.0 = Debug|Any CPU
		{0FEB088F-7753-484E-8D94-757F62FBB426}.Release|Any CPU.ActiveCfg = Release|Any CPU
		{0FEB088F-7753-484E-8D94-757F62FBB426}.Release|Any CPU.Build.0 = Release|Any CPU
		{B43C5279-3470-49CA-A4DF-18B44CEB30CF}.Debug|Any CPU.ActiveCfg = Debug|Any CPU
		{B43C5279-3470-49CA-A4DF-18B44CEB30CF}.Debug|Any CPU.Build.0 = Debug|Any CPU
		{B43C5279-3470-49CA-A4DF-18B44CEB30CF}.Release|Any CPU.ActiveCfg = Release|Any CPU
		{B43C5279-3470-49CA-A4DF-18B44CEB30CF}.Release|Any CPU.Build.0 = Release|Any CPU
	EndGlobalSection
	GlobalSection(SolutionProperties) = preSolution
		HideSolutionNode = FALSE
	EndGlobalSection
	GlobalSection(ExtensibilityGlobals) = postSolution
		SolutionGuid = {FDF3D409-375C-473A-AE5F-43803250853A}
	EndGlobalSection
EndGlobal
